
Microsoft Visual Studio Solution File, Format Version 12.00
# Visual Studio Version 16
VisualStudioVersion = 16.0.30907.101
MinimumVisualStudioVersion = 10.0.40219.1
Project("{9A19103F-16F7-4668-BE54-9A1E7A4F7556}") = "Helpers", "..\Helpers\Helpers.csproj", "{52DBDE17-E4DC-42FB-8E14-AAA1D9883088}"
EndProject
Project("{9A19103F-16F7-4668-BE54-9A1E7A4F7556}") = "Infrastructure", "..\Infraestructure\Infrastructure.csproj", "{568B13EB-4B20-485F-A440-B3877FF97E27}"
EndProject
Project("{FAE04EC0-301F-11D3-BF4B-00C04F79EFBC}") = "NorthwindAPI", "NorthwindAPI.csproj", "{350F8C0D-6BFA-4F42-A9F8-71EA7EBD67FE}"
EndProject
Project("{FAE04EC0-301F-11D3-BF4B-00C04F79EFBC}") = "ApplicationCore", "..\ApplicationCore\ApplicationCore.csproj", "{CC988AC1-3B24-4383-9DC5-3336EDD5C8AA}"
EndProject
Global
	GlobalSection(SolutionConfigurationPlatforms) = preSolution
		Debug|Any CPU = Debug|Any CPU
		Release|Any CPU = Release|Any CPU
	EndGlobalSection
	GlobalSection(ProjectConfigurationPlatforms) = postSolution
		{52DBDE17-E4DC-42FB-8E14-AAA1D9883088}.Debug|Any CPU.ActiveCfg = Debug|Any CPU
		{52DBDE17-E4DC-42FB-8E14-AAA1D9883088}.Debug|Any CPU.Build.0 = Debug|Any CPU
		{52DBDE17-E4DC-42FB-8E14-AAA1D9883088}.Release|Any CPU.ActiveCfg = Release|Any CPU
		{52DBDE17-E4DC-42FB-8E14-AAA1D9883088}.Release|Any CPU.Build.0 = Release|Any CPU
		{568B13EB-4B20-485F-A440-B3877FF97E27}.Debug|Any CPU.ActiveCfg = Debug|Any CPU
		{568B13EB-4B20-485F-A440-B3877FF97E27}.Debug|Any CPU.Build.0 = Debug|Any CPU
		{568B13EB-4B20-485F-A440-B3877FF97E27}.Release|Any CPU.ActiveCfg = Release|Any CPU
		{568B13EB-4B20-485F-A440-B3877FF97E27}.Release|Any CPU.Build.0 = Release|Any CPU
		{350F8C0D-6BFA-4F42-A9F8-71EA7EBD67FE}.Debug|Any CPU.ActiveCfg = Debug|Any CPU
		{350F8C0D-6BFA-4F42-A9F8-71EA7EBD67FE}.Debug|Any CPU.Build.0 = Debug|Any CPU
		{350F8C0D-6BFA-4F42-A9F8-71EA7EBD67FE}.Release|Any CPU.ActiveCfg = Release|Any CPU
		{350F8C0D-6BFA-4F42-A9F8-71EA7EBD67FE}.Release|Any CPU.Build.0 = Release|Any CPU
		{CC988AC1-3B24-4383-9DC5-3336EDD5C8AA}.Debug|Any CPU.ActiveCfg = Debug|Any CPU
		{CC988AC1-3B24-4383-9DC5-3336EDD5C8AA}.Debug|Any CPU.Build.0 = Debug|Any CPU
		{CC988AC1-3B24-4383-9DC5-3336EDD5C8AA}.Release|Any CPU.ActiveCfg = Release|Any CPU
		{CC988AC1-3B24-4383-9DC5-3336EDD5C8AA}.Release|Any CPU.Build.0 = Release|Any CPU
	EndGlobalSection
	GlobalSection(SolutionProperties) = preSolution
		HideSolutionNode = FALSE
	EndGlobalSection
	GlobalSection(ExtensibilityGlobals) = postSolution
		SolutionGuid = {113645D3-B3CC-47C8-8100-0BF5C870C788}
	EndGlobalSection
EndGlobal
