
Microsoft Visual Studio Solution File, Format Version 12.00
# Visual Studio Version 16
VisualStudioVersion = 16.0.30907.101
MinimumVisualStudioVersion = 10.0.40219.1
Project("{FAE04EC0-301F-11D3-BF4B-00C04F79EFBC}") = "NorthwindAPI", "NorthwindAPI.csproj", "{A429CB73-FBE1-4FE7-9F48-69D830E108F7}"
EndProject
Global
	GlobalSection(SolutionConfigurationPlatforms) = preSolution
		Debug|Any CPU = Debug|Any CPU
		Release|Any CPU = Release|Any CPU
	EndGlobalSection
	GlobalSection(ProjectConfigurationPlatforms) = postSolution
		{A429CB73-FBE1-4FE7-9F48-69D830E108F7}.Debug|Any CPU.ActiveCfg = Debug|Any CPU
		{A429CB73-FBE1-4FE7-9F48-69D830E108F7}.Debug|Any CPU.Build.0 = Debug|Any CPU
		{A429CB73-FBE1-4FE7-9F48-69D830E108F7}.Release|Any CPU.ActiveCfg = Release|Any CPU
		{A429CB73-FBE1-4FE7-9F48-69D830E108F7}.Release|Any CPU.Build.0 = Release|Any CPU
	EndGlobalSection
	GlobalSection(SolutionProperties) = preSolution
		HideSolutionNode = FALSE
	EndGlobalSection
	GlobalSection(ExtensibilityGlobals) = postSolution
		SolutionGuid = {113645D3-B3CC-47C8-8100-0BF5C870C788}
	EndGlobalSection
EndGlobal
